{
  "version": 4,
  "terraform_version": "1.5.7",
  "serial": 4,
  "lineage": "6a9f62ba-8f98-8b4a-aa99-9219cc2d8905",
  "outputs": {},
  "resources": [
    {
      "module": "module.cloud_run",
      "mode": "managed",
      "type": "google_artifact_registry_repository",
      "name": "repo",
      "provider": "provider[\"registry.terraform.io/hashicorp/google-beta\"]",
      "instances": [
        {
          "schema_version": 0,
          "attributes": {
            "create_time": "2024-06-16T13:57:21.145293Z",
            "description": "",
            "format": "DOCKER",
            "id": "projects/sheet-test-24daryo/locations/asia-northeast1/repositories/my-fastapi-repo",
            "kms_key_name": "",
            "labels": null,
            "location": "asia-northeast1",
            "name": "my-fastapi-repo",
            "project": "sheet-test-24daryo",
            "repository_id": "my-fastapi-repo",
            "timeouts": null,
            "update_time": "2024-06-16T13:57:21.145293Z"
          },
          "sensitive_attributes": [],
          "private": "eyJlMmJmYjczMC1lY2FhLTExZTYtOGY4OC0zNDM2M2JjN2M0YzAiOnsiY3JlYXRlIjoyNDAwMDAwMDAwMDAsImRlbGV0ZSI6MjQwMDAwMDAwMDAwLCJ1cGRhdGUiOjI0MDAwMDAwMDAwMH19"
        }
      ]
    },
    {
      "module": "module.cloud_run",
      "mode": "managed",
      "type": "google_cloud_run_service",
      "name": "service",
      "provider": "provider[\"registry.terraform.io/hashicorp/google\"]",
      "instances": [
        {
          "status": "tainted",
          "schema_version": 1,
          "attributes": {
            "autogenerate_revision_name": false,
            "id": "locations/asia-northeast1/namespaces/sheet-test-24daryo/services/my-fastapi-service-dev",
            "location": "asia-northeast1",
            "metadata": null,
            "name": "my-fastapi-service-dev",
            "project": null,
            "status": null,
            "template": [
              {
                "metadata": [],
                "spec": [
                  {
                    "container_concurrency": 0,
                    "containers": [
                      {
                        "args": null,
                        "command": null,
                        "env": [
                          {
                            "name": "ENV",
                            "value": "dev"
                          }
                        ],
                        "env_from": [],
                        "image": "gcr.io/aihubble/my-fastapi-repo:dev",
                        "ports": [],
                        "resources": [
                          {
                            "limits": {
                              "cpu": "2",
                              "memory": "512Mi"
                            },
                            "requests": null
                          }
                        ],
                        "working_dir": ""
                      }
                    ],
                    "service_account_name": "",
                    "serving_state": "",
                    "timeout_seconds": 0
                  }
                ]
              }
            ],
            "timeouts": null,
            "traffic": [
              {
                "latest_revision": true,
                "percent": 100,
                "revision_name": ""
              }
            ]
          },
          "sensitive_attributes": [],
          "private": "eyJlMmJmYjczMC1lY2FhLTExZTYtOGY4OC0zNDM2M2JjN2M0YzAiOnsiY3JlYXRlIjozNjAwMDAwMDAwMDAsImRlbGV0ZSI6MjQwMDAwMDAwMDAwLCJ1cGRhdGUiOjkwMDAwMDAwMDAwMH0sInNjaGVtYV92ZXJzaW9uIjoiMSJ9"
        }
      ]
    },
    {
      "module": "module.cloud_run",
      "mode": "managed",
      "type": "google_project_iam_member",
      "name": "run_invoker",
      "provider": "provider[\"registry.terraform.io/hashicorp/google\"]",
      "instances": [
        {
          "schema_version": 0,
          "attributes": {
            "condition": [],
            "etag": "BwYbAjnfeGs=",
            "id": "sheet-test-24daryo/roles/run.invoker/serviceAccount:cloud-run-test@sheet-test-24daryo.iam.gserviceaccount.com",
            "member": "serviceAccount:cloud-run-test@sheet-test-24daryo.iam.gserviceaccount.com",
            "project": "sheet-test-24daryo",
            "role": "roles/run.invoker"
          },
          "sensitive_attributes": [],
          "private": "bnVsbA=="
        }
      ]
    }
  ],
  "check_results": null
}
